
Microsoft Visual Studio Solution File, Format Version 12.00
# Visual Studio Version 17
VisualStudioVersion = 17.14.36414.22
MinimumVisualStudioVersion = 10.0.40219.1
Project("{FAE04EC0-301F-11D3-BF4B-00C04F79EFBC}") = "DigitalFormwork", "DigitalFormwork.csproj", "{805AB4FD-11CE-45ED-9B1B-5D9498D92525}"
EndProject
Project("{2150E333-8FDC-42A3-9474-1A3956D46DE8}") = "Projektmappenelemente", "Projektmappenelemente", "{84D27F74-D2BA-6C25-2661-968F101900D9}"
	ProjectSection(SolutionItems) = preProject
		LICENSE.txt = LICENSE.txt
	EndProjectSection
EndProject
Global
	GlobalSection(SolutionConfigurationPlatforms) = preSolution
		Debug|Any CPU = Debug|Any CPU
		Release|Any CPU = Release|Any CPU
	EndGlobalSection
	GlobalSection(ProjectConfigurationPlatforms) = postSolution
		{805AB4FD-11CE-45ED-9B1B-5D9498D92525}.Debug|Any CPU.ActiveCfg = Debug|Any CPU
		{805AB4FD-11CE-45ED-9B1B-5D9498D92525}.Debug|Any CPU.Build.0 = Debug|Any CPU
		{805AB4FD-11CE-45ED-9B1B-5D9498D92525}.Release|Any CPU.ActiveCfg = Release|Any CPU
		{805AB4FD-11CE-45ED-9B1B-5D9498D92525}.Release|Any CPU.Build.0 = Release|Any CPU
	EndGlobalSection
	GlobalSection(SolutionProperties) = preSolution
		HideSolutionNode = FALSE
	EndGlobalSection
	GlobalSection(ExtensibilityGlobals) = postSolution
		SolutionGuid = {89DB1CE9-32A8-4629-9CF8-CF6D5932C82A}
	EndGlobalSection
EndGlobal
